// !$*UTF8*$!
{
	archiveVersion = 1;
	classes = {
	};
	objectVersion = 56;
	objects = {

/* Begin PBXBuildFile section */
		090EE0622C585B29000A6D70 /* SettingsToggleCell.swift in Sources */ = {isa = PBXBuildFile; fileRef = 090EE0612C585B29000A6D70 /* SettingsToggleCell.swift */; };
		090EE0642C585D29000A6D70 /* SettingsModel.swift in Sources */ = {isa = PBXBuildFile; fileRef = 090EE0632C585D29000A6D70 /* SettingsModel.swift */; };
		090EE0662C58600A000A6D70 /* SettingsViewModel.swift in Sources */ = {isa = PBXBuildFile; fileRef = 090EE0652C58600A000A6D70 /* SettingsViewModel.swift */; };
		090EE0682C59B21D000A6D70 /* SettingsSelectCell.swift in Sources */ = {isa = PBXBuildFile; fileRef = 090EE0672C59B21D000A6D70 /* SettingsSelectCell.swift */; };
		0914C42E2C489E08007640C7 /* Database.swift in Sources */ = {isa = PBXBuildFile; fileRef = 0914C42D2C489E08007640C7 /* Database.swift */; };
		0914C4302C49637C007640C7 /* Game.storyboard in Resources */ = {isa = PBXBuildFile; fileRef = 094A84782C45D76900E17B2C /* Game.storyboard */; };
		0922C2202C49A39E00CE5A4C /* GameOverView.xib in Resources */ = {isa = PBXBuildFile; fileRef = 0922C21F2C49A39E00CE5A4C /* GameOverView.xib */; };
		0922C2222C49A54200CE5A4C /* GameOverView.swift in Sources */ = {isa = PBXBuildFile; fileRef = 0922C2212C49A54200CE5A4C /* GameOverView.swift */; };
		094A846F2C45D76900E17B2C /* AppDelegate.swift in Sources */ = {isa = PBXBuildFile; fileRef = 094A846E2C45D76900E17B2C /* AppDelegate.swift */; };
		094A84752C45D76900E17B2C /* GameScene.swift in Sources */ = {isa = PBXBuildFile; fileRef = 094A84742C45D76900E17B2C /* GameScene.swift */; };
		094A84772C45D76900E17B2C /* GameViewController.swift in Sources */ = {isa = PBXBuildFile; fileRef = 094A84762C45D76900E17B2C /* GameViewController.swift */; };
		094A847A2C45D76900E17B2C /* Base in Resources */ = {isa = PBXBuildFile; fileRef = 094A84792C45D76900E17B2C /* Base */; };
		094A847C2C45D76D00E17B2C /* Assets.xcassets in Resources */ = {isa = PBXBuildFile; fileRef = 094A847B2C45D76D00E17B2C /* Assets.xcassets */; };
		094A847F2C45D76D00E17B2C /* Base in Resources */ = {isa = PBXBuildFile; fileRef = 094A847E2C45D76D00E17B2C /* Base */; };
		09C6B6702C58532E009DF62B /* SettingsViewController.swift in Sources */ = {isa = PBXBuildFile; fileRef = 09C6B66F2C58532E009DF62B /* SettingsViewController.swift */; };
		09C6B6732C585425009DF62B /* Settings.storyboard in Resources */ = {isa = PBXBuildFile; fileRef = 09C6B6722C585425009DF62B /* Settings.storyboard */; };
		260EF3632C5A8B660032DBFC /* PauseView.xib in Resources */ = {isa = PBXBuildFile; fileRef = 260EF3622C5A8B660032DBFC /* PauseView.xib */; };
		2632408D2C63EF490014DAAF /* Haptics.swift in Sources */ = {isa = PBXBuildFile; fileRef = 2632408C2C63EF490014DAAF /* Haptics.swift */; };
		2659052F2C5A741000ABD119 /* PauseView.swift in Sources */ = {isa = PBXBuildFile; fileRef = 2659052E2C5A741000ABD119 /* PauseView.swift */; };
		268103E72C4F50AB00C6111A /* MenuViewController.swift in Sources */ = {isa = PBXBuildFile; fileRef = 268103E62C4F50AB00C6111A /* MenuViewController.swift */; };
		268103E92C4F50BE00C6111A /* Menu.storyboard in Resources */ = {isa = PBXBuildFile; fileRef = 268103E82C4F50BE00C6111A /* Menu.storyboard */; };
/* End PBXBuildFile section */

/* Begin PBXFileReference section */
		090EE0612C585B29000A6D70 /* SettingsToggleCell.swift */ = {isa = PBXFileReference; lastKnownFileType = sourcecode.swift; path = SettingsToggleCell.swift; sourceTree = "<group>"; };
		090EE0632C585D29000A6D70 /* SettingsModel.swift */ = {isa = PBXFileReference; lastKnownFileType = sourcecode.swift; path = SettingsModel.swift; sourceTree = "<group>"; };
		090EE0652C58600A000A6D70 /* SettingsViewModel.swift */ = {isa = PBXFileReference; lastKnownFileType = sourcecode.swift; path = SettingsViewModel.swift; sourceTree = "<group>"; };
		090EE0672C59B21D000A6D70 /* SettingsSelectCell.swift */ = {isa = PBXFileReference; lastKnownFileType = sourcecode.swift; path = SettingsSelectCell.swift; sourceTree = "<group>"; };
		0914C42D2C489E08007640C7 /* Database.swift */ = {isa = PBXFileReference; lastKnownFileType = sourcecode.swift; path = Database.swift; sourceTree = "<group>"; };
		0922C21F2C49A39E00CE5A4C /* GameOverView.xib */ = {isa = PBXFileReference; lastKnownFileType = file.xib; path = GameOverView.xib; sourceTree = "<group>"; };
		0922C2212C49A54200CE5A4C /* GameOverView.swift */ = {isa = PBXFileReference; lastKnownFileType = sourcecode.swift; path = GameOverView.swift; sourceTree = "<group>"; };
		094A846B2C45D76900E17B2C /* EndlessRunner.app */ = {isa = PBXFileReference; explicitFileType = wrapper.application; includeInIndex = 0; path = EndlessRunner.app; sourceTree = BUILT_PRODUCTS_DIR; };
		094A846E2C45D76900E17B2C /* AppDelegate.swift */ = {isa = PBXFileReference; lastKnownFileType = sourcecode.swift; path = AppDelegate.swift; sourceTree = "<group>"; };
		094A84742C45D76900E17B2C /* GameScene.swift */ = {isa = PBXFileReference; lastKnownFileType = sourcecode.swift; path = GameScene.swift; sourceTree = "<group>"; };
		094A84762C45D76900E17B2C /* GameViewController.swift */ = {isa = PBXFileReference; lastKnownFileType = sourcecode.swift; path = GameViewController.swift; sourceTree = "<group>"; };
		094A84792C45D76900E17B2C /* Base */ = {isa = PBXFileReference; lastKnownFileType = file.storyboard; name = Base; path = Base.lproj/Game.storyboard; sourceTree = "<group>"; };
		094A847B2C45D76D00E17B2C /* Assets.xcassets */ = {isa = PBXFileReference; lastKnownFileType = folder.assetcatalog; path = Assets.xcassets; sourceTree = "<group>"; };
		094A847E2C45D76D00E17B2C /* Base */ = {isa = PBXFileReference; lastKnownFileType = file.storyboard; name = Base; path = Base.lproj/LaunchScreen.storyboard; sourceTree = "<group>"; };
		09C6B66F2C58532E009DF62B /* SettingsViewController.swift */ = {isa = PBXFileReference; lastKnownFileType = sourcecode.swift; path = SettingsViewController.swift; sourceTree = "<group>"; };
		09C6B6712C585425009DF62B /* Base */ = {isa = PBXFileReference; lastKnownFileType = file.storyboard; name = Base; path = Base.lproj/Settings.storyboard; sourceTree = "<group>"; };
		260EF3622C5A8B660032DBFC /* PauseView.xib */ = {isa = PBXFileReference; lastKnownFileType = file.xib; path = PauseView.xib; sourceTree = "<group>"; };
		2632408C2C63EF490014DAAF /* Haptics.swift */ = {isa = PBXFileReference; lastKnownFileType = sourcecode.swift; name = Haptics.swift; path = EndlessRunner/Haptics.swift; sourceTree = SOURCE_ROOT; };
		2659052E2C5A741000ABD119 /* PauseView.swift */ = {isa = PBXFileReference; lastKnownFileType = sourcecode.swift; path = PauseView.swift; sourceTree = "<group>"; };
		268103E62C4F50AB00C6111A /* MenuViewController.swift */ = {isa = PBXFileReference; lastKnownFileType = sourcecode.swift; path = MenuViewController.swift; sourceTree = "<group>"; };
		268103E82C4F50BE00C6111A /* Menu.storyboard */ = {isa = PBXFileReference; lastKnownFileType = file.storyboard; path = Menu.storyboard; sourceTree = "<group>"; };
/* End PBXFileReference section */

/* Begin PBXFrameworksBuildPhase section */
		094A84682C45D76900E17B2C /* Frameworks */ = {
			isa = PBXFrameworksBuildPhase;
			buildActionMask = 2147483647;
			files = (
			);
			runOnlyForDeploymentPostprocessing = 0;
		};
/* End PBXFrameworksBuildPhase section */

/* Begin PBXGroup section */
		0914C42C2C489DEE007640C7 /* Game */ = {
			isa = PBXGroup;
			children = (
				265905322C5A744600ABD119 /* Pause */,
				0922C21C2C49A32F00CE5A4C /* Game Over */,
				094A84742C45D76900E17B2C /* GameScene.swift */,
				094A84762C45D76900E17B2C /* GameViewController.swift */,
				094A84782C45D76900E17B2C /* Game.storyboard */,
			);
			path = Game;
			sourceTree = "<group>";
		};
		0922C21C2C49A32F00CE5A4C /* Game Over */ = {
			isa = PBXGroup;
			children = (
				0922C21F2C49A39E00CE5A4C /* GameOverView.xib */,
				0922C2212C49A54200CE5A4C /* GameOverView.swift */,
			);
			path = "Game Over";
			sourceTree = "<group>";
		};
		094A84622C45D76900E17B2C = {
			isa = PBXGroup;
			children = (
				094A846D2C45D76900E17B2C /* EndlessRunner */,
				094A846C2C45D76900E17B2C /* Products */,
			);
			sourceTree = "<group>";
		};
		094A846C2C45D76900E17B2C /* Products */ = {
			isa = PBXGroup;
			children = (
				094A846B2C45D76900E17B2C /* EndlessRunner.app */,
			);
			name = Products;
			sourceTree = "<group>";
		};
		094A846D2C45D76900E17B2C /* EndlessRunner */ = {
			isa = PBXGroup;
			children = (
				094A846E2C45D76900E17B2C /* AppDelegate.swift */,
				0914C42D2C489E08007640C7 /* Database.swift */,
				2632408C2C63EF490014DAAF /* Haptics.swift */,
				268103EA2C4F516A00C6111A /* Menu */,
				0914C42C2C489DEE007640C7 /* Game */,
				09C6B66C2C5852D1009DF62B /* Settings */,
				094A847B2C45D76D00E17B2C /* Assets.xcassets */,
				094A847D2C45D76D00E17B2C /* LaunchScreen.storyboard */,
			);
			path = EndlessRunner;
			sourceTree = "<group>";
		};
		09C6B66C2C5852D1009DF62B /* Settings */ = {
			isa = PBXGroup;
			children = (
				090EE0632C585D29000A6D70 /* SettingsModel.swift */,
				090EE0652C58600A000A6D70 /* SettingsViewModel.swift */,
				09C6B66F2C58532E009DF62B /* SettingsViewController.swift */,
				090EE0612C585B29000A6D70 /* SettingsToggleCell.swift */,
				090EE0672C59B21D000A6D70 /* SettingsSelectCell.swift */,
				09C6B6722C585425009DF62B /* Settings.storyboard */,
			);
			path = Settings;
			sourceTree = "<group>";
		};
		265905322C5A744600ABD119 /* Pause */ = {
			isa = PBXGroup;
			children = (
				2659052E2C5A741000ABD119 /* PauseView.swift */,
				260EF3622C5A8B660032DBFC /* PauseView.xib */,
			);
			path = Pause;
			sourceTree = "<group>";
		};
		268103EA2C4F516A00C6111A /* Menu */ = {
			isa = PBXGroup;
			children = (
				268103E62C4F50AB00C6111A /* MenuViewController.swift */,
				268103E82C4F50BE00C6111A /* Menu.storyboard */,
			);
			path = Menu;
			sourceTree = "<group>";
		};
/* End PBXGroup section */

/* Begin PBXNativeTarget section */
		094A846A2C45D76900E17B2C /* EndlessRunner */ = {
			isa = PBXNativeTarget;
			buildConfigurationList = 094A84822C45D76D00E17B2C /* Build configuration list for PBXNativeTarget "EndlessRunner" */;
			buildPhases = (
				094A84672C45D76900E17B2C /* Sources */,
				094A84682C45D76900E17B2C /* Frameworks */,
				094A84692C45D76900E17B2C /* Resources */,
			);
			buildRules = (
			);
			dependencies = (
			);
			name = EndlessRunner;
			productName = EndlessRunner;
			productReference = 094A846B2C45D76900E17B2C /* EndlessRunner.app */;
			productType = "com.apple.product-type.application";
		};
/* End PBXNativeTarget section */

/* Begin PBXProject section */
		094A84632C45D76900E17B2C /* Project object */ = {
			isa = PBXProject;
			attributes = {
				BuildIndependentTargetsInParallel = 1;
				LastSwiftUpdateCheck = 1540;
				LastUpgradeCheck = 1540;
				TargetAttributes = {
					094A846A2C45D76900E17B2C = {
						CreatedOnToolsVersion = 15.4;
					};
				};
			};
			buildConfigurationList = 094A84662C45D76900E17B2C /* Build configuration list for PBXProject "EndlessRunner" */;
			compatibilityVersion = "Xcode 14.0";
			developmentRegion = en;
			hasScannedForEncodings = 0;
			knownRegions = (
				en,
				Base,
			);
			mainGroup = 094A84622C45D76900E17B2C;
			productRefGroup = 094A846C2C45D76900E17B2C /* Products */;
			projectDirPath = "";
			projectRoot = "";
			targets = (
				094A846A2C45D76900E17B2C /* EndlessRunner */,
			);
		};
/* End PBXProject section */

/* Begin PBXResourcesBuildPhase section */
		094A84692C45D76900E17B2C /* Resources */ = {
			isa = PBXResourcesBuildPhase;
			buildActionMask = 2147483647;
			files = (
				0914C4302C49637C007640C7 /* Game.storyboard in Resources */,
				094A847A2C45D76900E17B2C /* Base in Resources */,
				094A847C2C45D76D00E17B2C /* Assets.xcassets in Resources */,
				268103E92C4F50BE00C6111A /* Menu.storyboard in Resources */,
				0922C2202C49A39E00CE5A4C /* GameOverView.xib in Resources */,
				260EF3632C5A8B660032DBFC /* PauseView.xib in Resources */,
				094A847F2C45D76D00E17B2C /* Base in Resources */,
				09C6B6732C585425009DF62B /* Settings.storyboard in Resources */,
			);
			runOnlyForDeploymentPostprocessing = 0;
		};
/* End PBXResourcesBuildPhase section */

/* Begin PBXSourcesBuildPhase section */
		094A84672C45D76900E17B2C /* Sources */ = {
			isa = PBXSourcesBuildPhase;
			buildActionMask = 2147483647;
			files = (
				090EE0642C585D29000A6D70 /* SettingsModel.swift in Sources */,
				0922C2222C49A54200CE5A4C /* GameOverView.swift in Sources */,
				268103E72C4F50AB00C6111A /* MenuViewController.swift in Sources */,
				09C6B6702C58532E009DF62B /* SettingsViewController.swift in Sources */,
				094A84752C45D76900E17B2C /* GameScene.swift in Sources */,
				2659052F2C5A741000ABD119 /* PauseView.swift in Sources */,
				090EE0662C58600A000A6D70 /* SettingsViewModel.swift in Sources */,
				2632408D2C63EF490014DAAF /* Haptics.swift in Sources */,
				094A84772C45D76900E17B2C /* GameViewController.swift in Sources */,
				0914C42E2C489E08007640C7 /* Database.swift in Sources */,
				090EE0622C585B29000A6D70 /* SettingsToggleCell.swift in Sources */,
				094A846F2C45D76900E17B2C /* AppDelegate.swift in Sources */,
				090EE0682C59B21D000A6D70 /* SettingsSelectCell.swift in Sources */,
			);
			runOnlyForDeploymentPostprocessing = 0;
		};
/* End PBXSourcesBuildPhase section */

/* Begin PBXVariantGroup section */
		094A84782C45D76900E17B2C /* Game.storyboard */ = {
			isa = PBXVariantGroup;
			children = (
				094A84792C45D76900E17B2C /* Base */,
			);
			name = Game.storyboard;
			sourceTree = "<group>";
		};
		094A847D2C45D76D00E17B2C /* LaunchScreen.storyboard */ = {
			isa = PBXVariantGroup;
			children = (
				094A847E2C45D76D00E17B2C /* Base */,
			);
			name = LaunchScreen.storyboard;
			sourceTree = "<group>";
		};
		09C6B6722C585425009DF62B /* Settings.storyboard */ = {
			isa = PBXVariantGroup;
			children = (
				09C6B6712C585425009DF62B /* Base */,
			);
			name = Settings.storyboard;
			sourceTree = "<group>";
		};
/* End PBXVariantGroup section */

/* Begin XCBuildConfiguration section */
		094A84802C45D76D00E17B2C /* Debug */ = {
			isa = XCBuildConfiguration;
			buildSettings = {
				ALWAYS_SEARCH_USER_PATHS = NO;
				ASSETCATALOG_COMPILER_GENERATE_SWIFT_ASSET_SYMBOL_EXTENSIONS = YES;
				CLANG_ANALYZER_NONNULL = YES;
				CLANG_ANALYZER_NUMBER_OBJECT_CONVERSION = YES_AGGRESSIVE;
				CLANG_CXX_LANGUAGE_STANDARD = "gnu++20";
				CLANG_ENABLE_MODULES = YES;
				CLANG_ENABLE_OBJC_ARC = YES;
				CLANG_ENABLE_OBJC_WEAK = YES;
				CLANG_WARN_BLOCK_CAPTURE_AUTORELEASING = YES;
				CLANG_WARN_BOOL_CONVERSION = YES;
				CLANG_WARN_COMMA = YES;
				CLANG_WARN_CONSTANT_CONVERSION = YES;
				CLANG_WARN_DEPRECATED_OBJC_IMPLEMENTATIONS = YES;
				CLANG_WARN_DIRECT_OBJC_ISA_USAGE = YES_ERROR;
				CLANG_WARN_DOCUMENTATION_COMMENTS = YES;
				CLANG_WARN_EMPTY_BODY = YES;
				CLANG_WARN_ENUM_CONVERSION = YES;
				CLANG_WARN_INFINITE_RECURSION = YES;
				CLANG_WARN_INT_CONVERSION = YES;
				CLANG_WARN_NON_LITERAL_NULL_CONVERSION = YES;
				CLANG_WARN_OBJC_IMPLICIT_RETAIN_SELF = YES;
				CLANG_WARN_OBJC_LITERAL_CONVERSION = YES;
				CLANG_WARN_OBJC_ROOT_CLASS = YES_ERROR;
				CLANG_WARN_QUOTED_INCLUDE_IN_FRAMEWORK_HEADER = YES;
				CLANG_WARN_RANGE_LOOP_ANALYSIS = YES;
				CLANG_WARN_STRICT_PROTOTYPES = YES;
				CLANG_WARN_SUSPICIOUS_MOVE = YES;
				CLANG_WARN_UNGUARDED_AVAILABILITY = YES_AGGRESSIVE;
				CLANG_WARN_UNREACHABLE_CODE = YES;
				CLANG_WARN__DUPLICATE_METHOD_MATCH = YES;
				COPY_PHASE_STRIP = NO;
				DEBUG_INFORMATION_FORMAT = dwarf;
				ENABLE_STRICT_OBJC_MSGSEND = YES;
				ENABLE_TESTABILITY = YES;
				ENABLE_USER_SCRIPT_SANDBOXING = YES;
				GCC_C_LANGUAGE_STANDARD = gnu17;
				GCC_DYNAMIC_NO_PIC = NO;
				GCC_NO_COMMON_BLOCKS = YES;
				GCC_OPTIMIZATION_LEVEL = 0;
				GCC_PREPROCESSOR_DEFINITIONS = (
					"DEBUG=1",
					"$(inherited)",
				);
				GCC_WARN_64_TO_32_BIT_CONVERSION = YES;
				GCC_WARN_ABOUT_RETURN_TYPE = YES_ERROR;
				GCC_WARN_UNDECLARED_SELECTOR = YES;
				GCC_WARN_UNINITIALIZED_AUTOS = YES_AGGRESSIVE;
				GCC_WARN_UNUSED_FUNCTION = YES;
				GCC_WARN_UNUSED_VARIABLE = YES;
				IPHONEOS_DEPLOYMENT_TARGET = 17.5;
				LOCALIZATION_PREFERS_STRING_CATALOGS = YES;
				MTL_ENABLE_DEBUG_INFO = INCLUDE_SOURCE;
				MTL_FAST_MATH = YES;
				ONLY_ACTIVE_ARCH = YES;
				SDKROOT = iphoneos;
				SWIFT_ACTIVE_COMPILATION_CONDITIONS = "DEBUG $(inherited)";
				SWIFT_OPTIMIZATION_LEVEL = "-Onone";
			};
			name = Debug;
		};
		094A84812C45D76D00E17B2C /* Release */ = {
			isa = XCBuildConfiguration;
			buildSettings = {
				ALWAYS_SEARCH_USER_PATHS = NO;
				ASSETCATALOG_COMPILER_GENERATE_SWIFT_ASSET_SYMBOL_EXTENSIONS = YES;
				CLANG_ANALYZER_NONNULL = YES;
				CLANG_ANALYZER_NUMBER_OBJECT_CONVERSION = YES_AGGRESSIVE;
				CLANG_CXX_LANGUAGE_STANDARD = "gnu++20";
				CLANG_ENABLE_MODULES = YES;
				CLANG_ENABLE_OBJC_ARC = YES;
				CLANG_ENABLE_OBJC_WEAK = YES;
				CLANG_WARN_BLOCK_CAPTURE_AUTORELEASING = YES;
				CLANG_WARN_BOOL_CONVERSION = YES;
				CLANG_WARN_COMMA = YES;
				CLANG_WARN_CONSTANT_CONVERSION = YES;
				CLANG_WARN_DEPRECATED_OBJC_IMPLEMENTATIONS = YES;
				CLANG_WARN_DIRECT_OBJC_ISA_USAGE = YES_ERROR;
				CLANG_WARN_DOCUMENTATION_COMMENTS = YES;
				CLANG_WARN_EMPTY_BODY = YES;
				CLANG_WARN_ENUM_CONVERSION = YES;
				CLANG_WARN_INFINITE_RECURSION = YES;
				CLANG_WARN_INT_CONVERSION = YES;
				CLANG_WARN_NON_LITERAL_NULL_CONVERSION = YES;
				CLANG_WARN_OBJC_IMPLICIT_RETAIN_SELF = YES;
				CLANG_WARN_OBJC_LITERAL_CONVERSION = YES;
				CLANG_WARN_OBJC_ROOT_CLASS = YES_ERROR;
				CLANG_WARN_QUOTED_INCLUDE_IN_FRAMEWORK_HEADER = YES;
				CLANG_WARN_RANGE_LOOP_ANALYSIS = YES;
				CLANG_WARN_STRICT_PROTOTYPES = YES;
				CLANG_WARN_SUSPICIOUS_MOVE = YES;
				CLANG_WARN_UNGUARDED_AVAILABILITY = YES_AGGRESSIVE;
				CLANG_WARN_UNREACHABLE_CODE = YES;
				CLANG_WARN__DUPLICATE_METHOD_MATCH = YES;
				COPY_PHASE_STRIP = NO;
				DEBUG_INFORMATION_FORMAT = "dwarf-with-dsym";
				ENABLE_NS_ASSERTIONS = NO;
				ENABLE_STRICT_OBJC_MSGSEND = YES;
				ENABLE_USER_SCRIPT_SANDBOXING = YES;
				GCC_C_LANGUAGE_STANDARD = gnu17;
				GCC_NO_COMMON_BLOCKS = YES;
				GCC_WARN_64_TO_32_BIT_CONVERSION = YES;
				GCC_WARN_ABOUT_RETURN_TYPE = YES_ERROR;
				GCC_WARN_UNDECLARED_SELECTOR = YES;
				GCC_WARN_UNINITIALIZED_AUTOS = YES_AGGRESSIVE;
				GCC_WARN_UNUSED_FUNCTION = YES;
				GCC_WARN_UNUSED_VARIABLE = YES;
				IPHONEOS_DEPLOYMENT_TARGET = 17.5;
				LOCALIZATION_PREFERS_STRING_CATALOGS = YES;
				MTL_ENABLE_DEBUG_INFO = NO;
				MTL_FAST_MATH = YES;
				SDKROOT = iphoneos;
				SWIFT_COMPILATION_MODE = wholemodule;
				VALIDATE_PRODUCT = YES;
			};
			name = Release;
		};
		094A84832C45D76D00E17B2C /* Debug */ = {
			isa = XCBuildConfiguration;
			buildSettings = {
				ASSETCATALOG_COMPILER_APPICON_NAME = AppIcon;
				ASSETCATALOG_COMPILER_GLOBAL_ACCENT_COLOR_NAME = AccentColor;
				CODE_SIGN_STYLE = Automatic;
				CURRENT_PROJECT_VERSION = 1;
				DEVELOPMENT_TEAM = WSHKS965HP;
				GENERATE_INFOPLIST_FILE = YES;
				INFOPLIST_KEY_NSCameraUsageDescription = "We use the camera to capture the player's movements.";
				INFOPLIST_KEY_UIApplicationSupportsIndirectInputEvents = YES;
				INFOPLIST_KEY_UILaunchStoryboardName = LaunchScreen;
				INFOPLIST_KEY_UIMainStoryboardFile = Menu;
				INFOPLIST_KEY_UIStatusBarHidden = YES;
				INFOPLIST_KEY_UISupportedInterfaceOrientations_iPad = "UIInterfaceOrientationPortrait UIInterfaceOrientationPortraitUpsideDown UIInterfaceOrientationLandscapeLeft UIInterfaceOrientationLandscapeRight";
				INFOPLIST_KEY_UISupportedInterfaceOrientations_iPhone = UIInterfaceOrientationPortrait;
				IPHONEOS_DEPLOYMENT_TARGET = 17.0;
				LD_RUNPATH_SEARCH_PATHS = (
					"$(inherited)",
					"@executable_path/Frameworks",
				);
				MARKETING_VERSION = 1.0;
				PRODUCT_BUNDLE_IDENTIFIER = com.gzjv.EndlessRunner;
				PRODUCT_NAME = "$(TARGET_NAME)";
				SWIFT_EMIT_LOC_STRINGS = YES;
				SWIFT_VERSION = 5.0;
				TARGETED_DEVICE_FAMILY = "1,2";
			};
			name = Debug;
		};
		094A84842C45D76D00E17B2C /* Release */ = {
			isa = XCBuildConfiguration;
			buildSettings = {
				ASSETCATALOG_COMPILER_APPICON_NAME = AppIcon;
				ASSETCATALOG_COMPILER_GLOBAL_ACCENT_COLOR_NAME = AccentColor;
				CODE_SIGN_STYLE = Automatic;
				CURRENT_PROJECT_VERSION = 1;
				DEVELOPMENT_TEAM = 4A7DB99C3F;
				GENERATE_INFOPLIST_FILE = YES;
				INFOPLIST_KEY_NSCameraUsageDescription = "We use the camera to capture the player's movements.";
				INFOPLIST_KEY_UIApplicationSupportsIndirectInputEvents = YES;
				INFOPLIST_KEY_UILaunchStoryboardName = LaunchScreen;
				INFOPLIST_KEY_UIMainStoryboardFile = Menu;
				INFOPLIST_KEY_UIStatusBarHidden = YES;
				INFOPLIST_KEY_UISupportedInterfaceOrientations_iPad = "UIInterfaceOrientationPortrait UIInterfaceOrientationPortraitUpsideDown UIInterfaceOrientationLandscapeLeft UIInterfaceOrientationLandscapeRight";
				INFOPLIST_KEY_UISupportedInterfaceOrientations_iPhone = UIInterfaceOrientationPortrait;
				IPHONEOS_DEPLOYMENT_TARGET = 17.0;
				LD_RUNPATH_SEARCH_PATHS = (
					"$(inherited)",
					"@executable_path/Frameworks",
				);
				MARKETING_VERSION = 1.0;
				PRODUCT_BUNDLE_IDENTIFIER = com.gzjv.EndlessRunner;
				PRODUCT_NAME = "$(TARGET_NAME)";
				SWIFT_EMIT_LOC_STRINGS = YES;
				SWIFT_VERSION = 5.0;
				TARGETED_DEVICE_FAMILY = "1,2";
			};
			name = Release;
		};
/* End XCBuildConfiguration section */

/* Begin XCConfigurationList section */
		094A84662C45D76900E17B2C /* Build configuration list for PBXProject "EndlessRunner" */ = {
			isa = XCConfigurationList;
			buildConfigurations = (
				094A84802C45D76D00E17B2C /* Debug */,
				094A84812C45D76D00E17B2C /* Release */,
			);
			defaultConfigurationIsVisible = 0;
			defaultConfigurationName = Release;
		};
		094A84822C45D76D00E17B2C /* Build configuration list for PBXNativeTarget "EndlessRunner" */ = {
			isa = XCConfigurationList;
			buildConfigurations = (
				094A84832C45D76D00E17B2C /* Debug */,
				094A84842C45D76D00E17B2C /* Release */,
			);
			defaultConfigurationIsVisible = 0;
			defaultConfigurationName = Release;
		};
/* End XCConfigurationList section */
	};
	rootObject = 094A84632C45D76900E17B2C /* Project object */;
}
